<?xml version="1.0" encoding="utf-8"?>
<Project ToolsVersion="4.0" xmlns="http://schemas.microsoft.com/developer/msbuild/2003">
  <ItemGroup>
    <Filter Include="Source Files">
      <UniqueIdentifier>{4FC737F1-C7A5-4376-A066-2A32D752A2FF}</UniqueIdentifier>
      <Extensions>cpp;c;cc;cxx;def;odl;idl;hpj;bat;asm;asmx</Extensions>
    </Filter>
    <Filter Include="Header Files">
      <UniqueIdentifier>{93995380-89BD-4b04-88EB-625FBE52EBFB}</UniqueIdentifier>
      <Extensions>h;hpp;hxx;hm;inl;inc;xsd</Extensions>
    </Filter>
    <Filter Include="Source Files\Resource Files">
      <UniqueIdentifier>{67DA6AB6-F800-4c08-8B7A-83BB121AAD01}</UniqueIdentifier>
      <Extensions>rc;ico;cur;bmp;dlg;rc2;rct;bin;rgs;gif;jpg;jpeg;jpe;resx;tiff;tif;png;wav;mfcribbon-ms</Extensions>
    </Filter>
  </ItemGroup>
  <ItemGroup>
    <ClCompile Include="Main-PCL.cpp">
      <Filter>Source Files</Filter>
    </ClCompile>
    <ClCompile Include="pcl_visualizer.cpp">
      <Filter>Source Files</Filter>
    </ClCompile>
    <ClCompile Include="pcl_recording_visualizer.cpp">
      <Filter>Source Files</Filter>
    </ClCompile>
    <ClCompile Include="pcl_foot.cpp">
      <Filter>Source Files</Filter>
    </ClCompile>
    <ClCompile Include="pcl_topview.cpp">
      <Filter>Source Files</Filter>
    </ClCompile>
    <ClCompile Include="Walkys-PCL.cpp">
      <Filter>Source Files</Filter>
    </ClCompile>
    <ClCompile Include="pcl_nikinect.cpp">
      <Filter>Source Files</Filter>
    </ClCompile>
    <ClCompile Include="pcl_thread_viewer.cpp">
      <Filter>Source Files</Filter>
    </ClCompile>
    <ClCompile Include="pcl_nithreadedkinect.cpp">
      <Filter>Source Files</Filter>
    </ClCompile>
    <ClCompile Include="pcl_mirror.cpp">
      <Filter>Source Files</Filter>
    </ClCompile>
    <ClCompile Include="pcl_multi_kinect.cpp">
      <Filter>Source Files</Filter>
    </ClCompile>
  </ItemGroup>
  <ItemGroup>
    <ClInclude Include="pcl_visualizer.h">
      <Filter>Header Files</Filter>
    </ClInclude>
    <ClInclude Include="pcl_recording_visualizer.h">
      <Filter>Header Files</Filter>
    </ClInclude>
    <ClInclude Include="pcl_foot.h">
      <Filter>Header Files</Filter>
    </ClInclude>
    <ClInclude Include="pcl_topview.h">
      <Filter>Header Files</Filter>
    </ClInclude>
    <ClInclude Include="Walkys-PCL.h">
      <Filter>Header Files</Filter>
    </ClInclude>
    <ClInclude Include="pcl_nikinect.h">
      <Filter>Header Files</Filter>
    </ClInclude>
    <ClInclude Include="pcl_thread_viewer.h">
      <Filter>Header Files</Filter>
    </ClInclude>
    <ClInclude Include="pcl_nithreadedkinect.h">
      <Filter>Header Files</Filter>
    </ClInclude>
    <ClInclude Include="pcl_mirror.h">
      <Filter>Header Files</Filter>
    </ClInclude>
    <ClInclude Include="pcl_multi_kinect.h">
      <Filter>Header Files</Filter>
    </ClInclude>
  </ItemGroup>
</Project>